{
  "originHash" : "4bd33b54711373556a11ff79fbc02828a6abdbf32196ff0bad89fd77f3c8e431",
  "pins" : [
    {
      "identity" : "jsonvalue",
      "kind" : "remoteSourceControl",
      "location" : "https://github.com/edonv/JSONValue.git",
      "state" : {
        "revision" : "242fa6c97b74836b1fc606ae067645c85fcbdea2",
        "version" : "1.1.4"
      }
    },
    {
      "identity" : "messagepacker",
      "kind" : "remoteSourceControl",
      "location" : "https://github.com/edonv/MessagePacker.git",
      "state" : {
        "revision" : "118212310032a3f430ec9b6aa939decae0e01f26",
        "version" : "0.5.1"
      }
    },
    {
      "identity" : "swift-argument-parser",
      "kind" : "remoteSourceControl",
      "location" : "https://github.com/apple/swift-argument-parser.git",
      "state" : {
        "revision" : "5e0406d68a4937f21ae5f670b8f89dad1d156a1c",
        "version" : "1.8.0"
      }
    },
    {
      "identity" : "swift-syntax",
      "kind" : "remoteSourceControl",
      "location" : "https://github.com/swiftlang/swift-syntax.git",
      "state" : {
        "revision" : "9de99a78f099e59caf2b2beec65a4c45d54b2081",
        "version" : "603.0.1"
      }
    }
  ],
  "version" : 3
}
