{
  "originHash" : "bd25c0571a1531c795fe66a66aba9f81f86b5618d147b735ec1c19ed4c59a762",
  "pins" : [
    {
      "identity" : "jsonvalue",
      "kind" : "remoteSourceControl",
      "location" : "https://github.com/edonv/JSONValue.git",
      "state" : {
        "revision" : "242fa6c97b74836b1fc606ae067645c85fcbdea2",
        "version" : "1.1.4"
      }
    },
    {
      "identity" : "messagepacker",
      "kind" : "remoteSourceControl",
      "location" : "https://github.com/edonv/MessagePacker.git",
      "state" : {
        "revision" : "f754309ff9f6b363637f3212ddd73ce93b23af31",
        "version" : "0.5.0"
      }
    },
    {
      "identity" : "swift-argument-parser",
      "kind" : "remoteSourceControl",
      "location" : "https://github.com/apple/swift-argument-parser.git",
      "state" : {
        "revision" : "626b5b7b2f45e1b0b1c6f4a309296d1d21d7311b",
        "version" : "1.7.1"
      }
    },
    {
      "identity" : "swift-syntax",
      "kind" : "remoteSourceControl",
      "location" : "https://github.com/swiftlang/swift-syntax.git",
      "state" : {
        "revision" : "9de99a78f099e59caf2b2beec65a4c45d54b2081",
        "version" : "603.0.1"
      }
    }
  ],
  "version" : 3
}
